
Microsoft Visual Studio Solution File, Format Version 12.00
# Visual Studio Version 17
VisualStudioVersion = 17.2.32519.379
MinimumVisualStudioVersion = 10.0.40219.1
Project("{FAE04EC0-301F-11D3-BF4B-00C04F79EFBC}") = "Carros", "Carros.csproj", "{8C20AAC3-40F9-413D-9F24-642AC0172612}"
EndProject
Global
	GlobalSection(SolutionConfigurationPlatforms) = preSolution
		Debug|Any CPU = Debug|Any CPU
		Release|Any CPU = Release|Any CPU
	EndGlobalSection
	GlobalSection(ProjectConfigurationPlatforms) = postSolution
		{8C20AAC3-40F9-413D-9F24-642AC0172612}.Debug|Any CPU.ActiveCfg = Debug|Any CPU
		{8C20AAC3-40F9-413D-9F24-642AC0172612}.Debug|Any CPU.Build.0 = Debug|Any CPU
		{8C20AAC3-40F9-413D-9F24-642AC0172612}.Release|Any CPU.ActiveCfg = Release|Any CPU
		{8C20AAC3-40F9-413D-9F24-642AC0172612}.Release|Any CPU.Build.0 = Release|Any CPU
	EndGlobalSection
	GlobalSection(SolutionProperties) = preSolution
		HideSolutionNode = FALSE
	EndGlobalSection
	GlobalSection(ExtensibilityGlobals) = postSolution
		SolutionGuid = {5821AB13-4BAF-4F12-90CE-CED02539BBE8}
	EndGlobalSection
EndGlobal
